[root]
name = "dir"
version = "0.1.0"
dependencies = [
 "colored 1.3.1 (registry+https://github.com/rust-lang/crates.io-index)",
]

[[package]]
name = "colored"
version = "1.3.1"
source = "registry+https://github.com/rust-lang/crates.io-index"
dependencies = [
 "lazy_static 0.1.16 (registry+https://github.com/rust-lang/crates.io-index)",
]

[[package]]
name = "lazy_static"
version = "0.1.16"
source = "registry+https://github.com/rust-lang/crates.io-index"

[metadata]
"checksum colored 1.3.1 (registry+https://github.com/rust-lang/crates.io-index)" = "351495587858823f438c1f6e4ea854b23e2d33e3c77bbb9d60f0740ef9b27972"
"checksum lazy_static 0.1.16 (registry+https://github.com/rust-lang/crates.io-index)" = "cf186d1a8aa5f5bee5fd662bc9c1b949e0259e1bcc379d1f006847b0080c7417"
